
Microsoft Visual Studio Solution File, Format Version 12.00
# Visual Studio Version 16
VisualStudioVersion = 16.0.31702.278
MinimumVisualStudioVersion = 10.0.40219.1
Project("{9A19103F-16F7-4668-BE54-9A1E7A4F7556}") = "WebApiServer", "WebApiServer\WebApiServer.csproj", "{26345892-89C6-4BF8-9C7A-ED0909F0E4A1}"
EndProject
Project("{9A19103F-16F7-4668-BE54-9A1E7A4F7556}") = "WebApiClient", "WebApiClient\WebApiClient.csproj", "{2B56C4C3-907F-422A-892E-7CE93E211BD3}"
EndProject
Project("{FAE04EC0-301F-11D3-BF4B-00C04F79EFBC}") = "WebAPI.Server", "WebAPI.Server\WebAPI.Server.csproj", "{D234F64D-A56C-4FC1-95DA-2472CE67D522}"
EndProject
Global
	GlobalSection(SolutionConfigurationPlatforms) = preSolution
		Debug|Any CPU = Debug|Any CPU
		Release|Any CPU = Release|Any CPU
	EndGlobalSection
	GlobalSection(ProjectConfigurationPlatforms) = postSolution
		{26345892-89C6-4BF8-9C7A-ED0909F0E4A1}.Debug|Any CPU.ActiveCfg = Debug|Any CPU
		{26345892-89C6-4BF8-9C7A-ED0909F0E4A1}.Debug|Any CPU.Build.0 = Debug|Any CPU
		{26345892-89C6-4BF8-9C7A-ED0909F0E4A1}.Release|Any CPU.ActiveCfg = Release|Any CPU
		{26345892-89C6-4BF8-9C7A-ED0909F0E4A1}.Release|Any CPU.Build.0 = Release|Any CPU
		{2B56C4C3-907F-422A-892E-7CE93E211BD3}.Debug|Any CPU.ActiveCfg = Debug|Any CPU
		{2B56C4C3-907F-422A-892E-7CE93E211BD3}.Debug|Any CPU.Build.0 = Debug|Any CPU
		{2B56C4C3-907F-422A-892E-7CE93E211BD3}.Release|Any CPU.ActiveCfg = Release|Any CPU
		{2B56C4C3-907F-422A-892E-7CE93E211BD3}.Release|Any CPU.Build.0 = Release|Any CPU
		{D234F64D-A56C-4FC1-95DA-2472CE67D522}.Debug|Any CPU.ActiveCfg = Debug|Any CPU
		{D234F64D-A56C-4FC1-95DA-2472CE67D522}.Debug|Any CPU.Build.0 = Debug|Any CPU
		{D234F64D-A56C-4FC1-95DA-2472CE67D522}.Release|Any CPU.ActiveCfg = Release|Any CPU
		{D234F64D-A56C-4FC1-95DA-2472CE67D522}.Release|Any CPU.Build.0 = Release|Any CPU
	EndGlobalSection
	GlobalSection(SolutionProperties) = preSolution
		HideSolutionNode = FALSE
	EndGlobalSection
	GlobalSection(ExtensibilityGlobals) = postSolution
		SolutionGuid = {FBCA9092-8715-4686-9836-259F095D968F}
	EndGlobalSection
EndGlobal
